PODS:
  - audioplayers_darwin (0.0.1):
    - Flutter
    - FlutterMacOS
  - background_downloader (0.0.1):
    - Flutter
  - connectivity_plus (0.0.1):
    - Flutter
  - Flutter (1.0.0)
  - flutter_gemma (1.10.0):
    - Flutter
  - flutter_soloud (0.0.1):
    - Flutter
  - flutter_tts (0.0.1):
    - Flutter
  - integration_test (0.0.1):
    - Flutter
  - large_file_handler (0.5.0):
    - Flutter
  - package_info_plus (0.4.5):
    - Flutter
  - record_ios (2.0.0):
    - Flutter
  - sensors_plus (0.0.1):
    - Flutter
  - shared_preferences_foundation (0.0.1):
    - Flutter
    - FlutterMacOS
  - url_launcher_ios (0.0.1):
    - Flutter
  - wakelock_plus (0.0.1):
    - Flutter

DEPENDENCIES:
  - audioplayers_darwin (from `.symlinks/plugins/audioplayers_darwin/darwin`)
  - background_downloader (from `.symlinks/plugins/background_downloader/ios`)
  - connectivity_plus (from `.symlinks/plugins/connectivity_plus/ios`)
  - Flutter (from `Flutter`)
  - flutter_gemma (from `.symlinks/plugins/flutter_gemma/ios`)
  - flutter_soloud (from `.symlinks/plugins/flutter_soloud/ios`)
  - flutter_tts (from `.symlinks/plugins/flutter_tts/ios`)
  - integration_test (from `.symlinks/plugins/integration_test/ios`)
  - large_file_handler (from `.symlinks/plugins/large_file_handler/ios`)
  - package_info_plus (from `.symlinks/plugins/package_info_plus/ios`)
  - record_ios (from `.symlinks/plugins/record_ios/ios`)
  - sensors_plus (from `.symlinks/plugins/sensors_plus/ios`)
  - shared_preferences_foundation (from `.symlinks/plugins/shared_preferences_foundation/darwin`)
  - url_launcher_ios (from `.symlinks/plugins/url_launcher_ios/ios`)
  - wakelock_plus (from `.symlinks/plugins/wakelock_plus/ios`)

EXTERNAL SOURCES:
  audioplayers_darwin:
    :path: ".symlinks/plugins/audioplayers_darwin/darwin"
  background_downloader:
    :path: ".symlinks/plugins/background_downloader/ios"
  connectivity_plus:
    :path: ".symlinks/plugins/connectivity_plus/ios"
  Flutter:
    :path: Flutter
  flutter_gemma:
    :path: ".symlinks/plugins/flutter_gemma/ios"
  flutter_soloud:
    :path: ".symlinks/plugins/flutter_soloud/ios"
  flutter_tts:
    :path: ".symlinks/plugins/flutter_tts/ios"
  integration_test:
    :path: ".symlinks/plugins/integration_test/ios"
  large_file_handler:
    :path: ".symlinks/plugins/large_file_handler/ios"
  package_info_plus:
    :path: ".symlinks/plugins/package_info_plus/ios"
  record_ios:
    :path: ".symlinks/plugins/record_ios/ios"
  sensors_plus:
    :path: ".symlinks/plugins/sensors_plus/ios"
  shared_preferences_foundation:
    :path: ".symlinks/plugins/shared_preferences_foundation/darwin"
  url_launcher_ios:
    :path: ".symlinks/plugins/url_launcher_ios/ios"
  wakelock_plus:
    :path: ".symlinks/plugins/wakelock_plus/ios"

SPEC CHECKSUMS:
  audioplayers_darwin: 835ced6edd4c9fc8ebb0a7cc9e294a91d99917d5
  background_downloader: 50e91d979067b82081aba359d7d916b3ba5fadad
  connectivity_plus: cb623214f4e1f6ef8fe7403d580fdad517d2f7dd
  Flutter: 71a624a5bc0c04062bf19101d501e466baf2fb47
  flutter_gemma: 5d95c11fee4236f1c82c2e4e6474e85d0c904f14
  flutter_soloud: a49c4dfe436fd99e47f4777fa270c557f6190054
  flutter_tts: 35ac3c7d42412733e795ea96ad2d7e05d0a75113
  integration_test: 4a889634ef21a45d28d50d622cf412dc6d9f586e
  large_file_handler: 0a9dfa3e7c1f2eececae5d2d938ad31be10250ae
  package_info_plus: af8e2ca6888548050f16fa2f1938db7b5a5df499
  record_ios: 390a30c7caaf8b5d0fb1cb1d2fd5064b48b4520c
  sensors_plus: b70a93b69dafdabd26ce4ac3f4d0529ab9acc4ca
  shared_preferences_foundation: 7036424c3d8ec98dfe75ff1667cb0cd531ec82bb
  url_launcher_ios: 7a95fa5b60cc718a708b8f2966718e93db0cef1b
  wakelock_plus: d4ca1e4e4bc9de42cb55d57b5bdc158af318e3c6

PODFILE CHECKSUM: 2592bfc158cdf74d7a0f0e94dafce9229f4a4c41

COCOAPODS: 1.16.2
